// !$*UTF8*$!
{
	archiveVersion = 1;
	classes = {
	};
	objectVersion = 56;
	objects = {

/* Begin PBXBuildFile section */
		746788C62B4EABAE00AB43DD /* AddChainView.swift in Sources */ = {isa = PBXBuildFile; fileRef = 746788C52B4EABAE00AB43DD /* AddChainView.swift */; };
		74ECE3502B4D5B2A00A91648 /* ChainTrackerApp.swift in Sources */ = {isa = PBXBuildFile; fileRef = 74ECE34F2B4D5B2A00A91648 /* ChainTrackerApp.swift */; };
		74ECE3522B4D5B2A00A91648 /* ContentView.swift in Sources */ = {isa = PBXBuildFile; fileRef = 74ECE3512B4D5B2A00A91648 /* ContentView.swift */; };
		74ECE3542B4D5B2B00A91648 /* Assets.xcassets in Resources */ = {isa = PBXBuildFile; fileRef = 74ECE3532B4D5B2B00A91648 /* Assets.xcassets */; };
		74ECE3582B4D5B2B00A91648 /* Preview Assets.xcassets in Resources */ = {isa = PBXBuildFile; fileRef = 74ECE3572B4D5B2B00A91648 /* Preview Assets.xcassets */; };
		74ECE3622B4D5B2B00A91648 /* ChainTrackerTests.swift in Sources */ = {isa = PBXBuildFile; fileRef = 74ECE3612B4D5B2B00A91648 /* ChainTrackerTests.swift */; };
		74ECE36C2B4D5B2B00A91648 /* ChainTrackerUITests.swift in Sources */ = {isa = PBXBuildFile; fileRef = 74ECE36B2B4D5B2B00A91648 /* ChainTrackerUITests.swift */; };
		74ECE36E2B4D5B2B00A91648 /* ChainTrackerUITestsLaunchTests.swift in Sources */ = {isa = PBXBuildFile; fileRef = 74ECE36D2B4D5B2B00A91648 /* ChainTrackerUITestsLaunchTests.swift */; };
/* End PBXBuildFile section */

/* Begin PBXContainerItemProxy section */
		74ECE35E2B4D5B2B00A91648 /* PBXContainerItemProxy */ = {
			isa = PBXContainerItemProxy;
			containerPortal = 74ECE3442B4D5B2A00A91648 /* Project object */;
			proxyType = 1;
			remoteGlobalIDString = 74ECE34B2B4D5B2A00A91648;
			remoteInfo = ChainTracker;
		};
		74ECE3682B4D5B2B00A91648 /* PBXContainerItemProxy */ = {
			isa = PBXContainerItemProxy;
			containerPortal = 74ECE3442B4D5B2A00A91648 /* Project object */;
			proxyType = 1;
			remoteGlobalIDString = 74ECE34B2B4D5B2A00A91648;
			remoteInfo = ChainTracker;
		};
/* End PBXContainerItemProxy section */

/* Begin PBXFileReference section */
		746788C52B4EABAE00AB43DD /* AddChainView.swift */ = {isa = PBXFileReference; lastKnownFileType = sourcecode.swift; path = AddChainView.swift; sourceTree = "<group>"; };
		74ECE34C2B4D5B2A00A91648 /* ChainTracker.app */ = {isa = PBXFileReference; explicitFileType = wrapper.application; includeInIndex = 0; path = ChainTracker.app; sourceTree = BUILT_PRODUCTS_DIR; };
		74ECE34F2B4D5B2A00A91648 /* ChainTrackerApp.swift */ = {isa = PBXFileReference; lastKnownFileType = sourcecode.swift; path = ChainTrackerApp.swift; sourceTree = "<group>"; };
		74ECE3512B4D5B2A00A91648 /* ContentView.swift */ = {isa = PBXFileReference; lastKnownFileType = sourcecode.swift; path = ContentView.swift; sourceTree = "<group>"; };
		74ECE3532B4D5B2B00A91648 /* Assets.xcassets */ = {isa = PBXFileReference; lastKnownFileType = folder.assetcatalog; path = Assets.xcassets; sourceTree = "<group>"; };
		74ECE3552B4D5B2B00A91648 /* ChainTracker.entitlements */ = {isa = PBXFileReference; lastKnownFileType = text.plist.entitlements; path = ChainTracker.entitlements; sourceTree = "<group>"; };
		74ECE3572B4D5B2B00A91648 /* Preview Assets.xcassets */ = {isa = PBXFileReference; lastKnownFileType = folder.assetcatalog; path = "Preview Assets.xcassets"; sourceTree = "<group>"; };
		74ECE35D2B4D5B2B00A91648 /* ChainTrackerTests.xctest */ = {isa = PBXFileReference; explicitFileType = wrapper.cfbundle; includeInIndex = 0; path = ChainTrackerTests.xctest; sourceTree = BUILT_PRODUCTS_DIR; };
		74ECE3612B4D5B2B00A91648 /* ChainTrackerTests.swift */ = {isa = PBXFileReference; lastKnownFileType = sourcecode.swift; path = ChainTrackerTests.swift; sourceTree = "<group>"; };
		74ECE3672B4D5B2B00A91648 /* ChainTrackerUITests.xctest */ = {isa = PBXFileReference; explicitFileType = wrapper.cfbundle; includeInIndex = 0; path = ChainTrackerUITests.xctest; sourceTree = BUILT_PRODUCTS_DIR; };
		74ECE36B2B4D5B2B00A91648 /* ChainTrackerUITests.swift */ = {isa = PBXFileReference; lastKnownFileType = sourcecode.swift; path = ChainTrackerUITests.swift; sourceTree = "<group>"; };
		74ECE36D2B4D5B2B00A91648 /* ChainTrackerUITestsLaunchTests.swift */ = {isa = PBXFileReference; lastKnownFileType = sourcecode.swift; path = ChainTrackerUITestsLaunchTests.swift; sourceTree = "<group>"; };
/* End PBXFileReference section */

/* Begin PBXFrameworksBuildPhase section */
		74ECE3492B4D5B2A00A91648 /* Frameworks */ = {
			isa = PBXFrameworksBuildPhase;
			buildActionMask = 2147483647;
			files = (
			);
			runOnlyForDeploymentPostprocessing = 0;
		};
		74ECE35A2B4D5B2B00A91648 /* Frameworks */ = {
			isa = PBXFrameworksBuildPhase;
			buildActionMask = 2147483647;
			files = (
			);
			runOnlyForDeploymentPostprocessing = 0;
		};
		74ECE3642B4D5B2B00A91648 /* Frameworks */ = {
			isa = PBXFrameworksBuildPhase;
			buildActionMask = 2147483647;
			files = (
			);
			runOnlyForDeploymentPostprocessing = 0;
		};
/* End PBXFrameworksBuildPhase section */

/* Begin PBXGroup section */
		74ECE3432B4D5B2A00A91648 = {
			isa = PBXGroup;
			children = (
				74ECE34E2B4D5B2A00A91648 /* ChainTracker */,
				74ECE3602B4D5B2B00A91648 /* ChainTrackerTests */,
				74ECE36A2B4D5B2B00A91648 /* ChainTrackerUITests */,
				74ECE34D2B4D5B2A00A91648 /* Products */,
			);
			sourceTree = "<group>";
		};
		74ECE34D2B4D5B2A00A91648 /* Products */ = {
			isa = PBXGroup;
			children = (
				74ECE34C2B4D5B2A00A91648 /* ChainTracker.app */,
				74ECE35D2B4D5B2B00A91648 /* ChainTrackerTests.xctest */,
				74ECE3672B4D5B2B00A91648 /* ChainTrackerUITests.xctest */,
			);
			name = Products;
			sourceTree = "<group>";
		};
		74ECE34E2B4D5B2A00A91648 /* ChainTracker */ = {
			isa = PBXGroup;
			children = (
				74ECE34F2B4D5B2A00A91648 /* ChainTrackerApp.swift */,
				74ECE3512B4D5B2A00A91648 /* ContentView.swift */,
				74ECE3532B4D5B2B00A91648 /* Assets.xcassets */,
				74ECE3552B4D5B2B00A91648 /* ChainTracker.entitlements */,
				74ECE3562B4D5B2B00A91648 /* Preview Content */,
				746788C52B4EABAE00AB43DD /* AddChainView.swift */,
			);
			path = ChainTracker;
			sourceTree = "<group>";
		};
		74ECE3562B4D5B2B00A91648 /* Preview Content */ = {
			isa = PBXGroup;
			children = (
				74ECE3572B4D5B2B00A91648 /* Preview Assets.xcassets */,
			);
			path = "Preview Content";
			sourceTree = "<group>";
		};
		74ECE3602B4D5B2B00A91648 /* ChainTrackerTests */ = {
			isa = PBXGroup;
			children = (
				74ECE3612B4D5B2B00A91648 /* ChainTrackerTests.swift */,
			);
			path = ChainTrackerTests;
			sourceTree = "<group>";
		};
		74ECE36A2B4D5B2B00A91648 /* ChainTrackerUITests */ = {
			isa = PBXGroup;
			children = (
				74ECE36B2B4D5B2B00A91648 /* ChainTrackerUITests.swift */,
				74ECE36D2B4D5B2B00A91648 /* ChainTrackerUITestsLaunchTests.swift */,
			);
			path = ChainTrackerUITests;
			sourceTree = "<group>";
		};
/* End PBXGroup section */

/* Begin PBXNativeTarget section */
		74ECE34B2B4D5B2A00A91648 /* ChainTracker */ = {
			isa = PBXNativeTarget;
			buildConfigurationList = 74ECE3712B4D5B2B00A91648 /* Build configuration list for PBXNativeTarget "ChainTracker" */;
			buildPhases = (
				74ECE3482B4D5B2A00A91648 /* Sources */,
				74ECE3492B4D5B2A00A91648 /* Frameworks */,
				74ECE34A2B4D5B2A00A91648 /* Resources */,
			);
			buildRules = (
			);
			dependencies = (
			);
			name = ChainTracker;
			productName = ChainTracker;
			productReference = 74ECE34C2B4D5B2A00A91648 /* ChainTracker.app */;
			productType = "com.apple.product-type.application";
		};
		74ECE35C2B4D5B2B00A91648 /* ChainTrackerTests */ = {
			isa = PBXNativeTarget;
			buildConfigurationList = 74ECE3742B4D5B2B00A91648 /* Build configuration list for PBXNativeTarget "ChainTrackerTests" */;
			buildPhases = (
				74ECE3592B4D5B2B00A91648 /* Sources */,
				74ECE35A2B4D5B2B00A91648 /* Frameworks */,
				74ECE35B2B4D5B2B00A91648 /* Resources */,
			);
			buildRules = (
			);
			dependencies = (
				74ECE35F2B4D5B2B00A91648 /* PBXTargetDependency */,
			);
			name = ChainTrackerTests;
			productName = ChainTrackerTests;
			productReference = 74ECE35D2B4D5B2B00A91648 /* ChainTrackerTests.xctest */;
			productType = "com.apple.product-type.bundle.unit-test";
		};
		74ECE3662B4D5B2B00A91648 /* ChainTrackerUITests */ = {
			isa = PBXNativeTarget;
			buildConfigurationList = 74ECE3772B4D5B2B00A91648 /* Build configuration list for PBXNativeTarget "ChainTrackerUITests" */;
			buildPhases = (
				74ECE3632B4D5B2B00A91648 /* Sources */,
				74ECE3642B4D5B2B00A91648 /* Frameworks */,
				74ECE3652B4D5B2B00A91648 /* Resources */,
			);
			buildRules = (
			);
			dependencies = (
				74ECE3692B4D5B2B00A91648 /* PBXTargetDependency */,
			);
			name = ChainTrackerUITests;
			productName = ChainTrackerUITests;
			productReference = 74ECE3672B4D5B2B00A91648 /* ChainTrackerUITests.xctest */;
			productType = "com.apple.product-type.bundle.ui-testing";
		};
/* End PBXNativeTarget section */

/* Begin PBXProject section */
		74ECE3442B4D5B2A00A91648 /* Project object */ = {
			isa = PBXProject;
			attributes = {
				BuildIndependentTargetsInParallel = 1;
				LastSwiftUpdateCheck = 1520;
				LastUpgradeCheck = 1520;
				TargetAttributes = {
					74ECE34B2B4D5B2A00A91648 = {
						CreatedOnToolsVersion = 15.2;
					};
					74ECE35C2B4D5B2B00A91648 = {
						CreatedOnToolsVersion = 15.2;
						TestTargetID = 74ECE34B2B4D5B2A00A91648;
					};
					74ECE3662B4D5B2B00A91648 = {
						CreatedOnToolsVersion = 15.2;
						TestTargetID = 74ECE34B2B4D5B2A00A91648;
					};
				};
			};
			buildConfigurationList = 74ECE3472B4D5B2A00A91648 /* Build configuration list for PBXProject "ChainTracker" */;
			compatibilityVersion = "Xcode 14.0";
			developmentRegion = en;
			hasScannedForEncodings = 0;
			knownRegions = (
				en,
				Base,
			);
			mainGroup = 74ECE3432B4D5B2A00A91648;
			productRefGroup = 74ECE34D2B4D5B2A00A91648 /* Products */;
			projectDirPath = "";
			projectRoot = "";
			targets = (
				74ECE34B2B4D5B2A00A91648 /* ChainTracker */,
				74ECE35C2B4D5B2B00A91648 /* ChainTrackerTests */,
				74ECE3662B4D5B2B00A91648 /* ChainTrackerUITests */,
			);
		};
/* End PBXProject section */

/* Begin PBXResourcesBuildPhase section */
		74ECE34A2B4D5B2A00A91648 /* Resources */ = {
			isa = PBXResourcesBuildPhase;
			buildActionMask = 2147483647;
			files = (
				74ECE3582B4D5B2B00A91648 /* Preview Assets.xcassets in Resources */,
				74ECE3542B4D5B2B00A91648 /* Assets.xcassets in Resources */,
			);
			runOnlyForDeploymentPostprocessing = 0;
		};
		74ECE35B2B4D5B2B00A91648 /* Resources */ = {
			isa = PBXResourcesBuildPhase;
			buildActionMask = 2147483647;
			files = (
			);
			runOnlyForDeploymentPostprocessing = 0;
		};
		74ECE3652B4D5B2B00A91648 /* Resources */ = {
			isa = PBXResourcesBuildPhase;
			buildActionMask = 2147483647;
			files = (
			);
			runOnlyForDeploymentPostprocessing = 0;
		};
/* End PBXResourcesBuildPhase section */

/* Begin PBXSourcesBuildPhase section */
		74ECE3482B4D5B2A00A91648 /* Sources */ = {
			isa = PBXSourcesBuildPhase;
			buildActionMask = 2147483647;
			files = (
				74ECE3522B4D5B2A00A91648 /* ContentView.swift in Sources */,
				746788C62B4EABAE00AB43DD /* AddChainView.swift in Sources */,
				74ECE3502B4D5B2A00A91648 /* ChainTrackerApp.swift in Sources */,
			);
			runOnlyForDeploymentPostprocessing = 0;
		};
		74ECE3592B4D5B2B00A91648 /* Sources */ = {
			isa = PBXSourcesBuildPhase;
			buildActionMask = 2147483647;
			files = (
				74ECE3622B4D5B2B00A91648 /* ChainTrackerTests.swift in Sources */,
			);
			runOnlyForDeploymentPostprocessing = 0;
		};
		74ECE3632B4D5B2B00A91648 /* Sources */ = {
			isa = PBXSourcesBuildPhase;
			buildActionMask = 2147483647;
			files = (
				74ECE36C2B4D5B2B00A91648 /* ChainTrackerUITests.swift in Sources */,
				74ECE36E2B4D5B2B00A91648 /* ChainTrackerUITestsLaunchTests.swift in Sources */,
			);
			runOnlyForDeploymentPostprocessing = 0;
		};
/* End PBXSourcesBuildPhase section */

/* Begin PBXTargetDependency section */
		74ECE35F2B4D5B2B00A91648 /* PBXTargetDependency */ = {
			isa = PBXTargetDependency;
			target = 74ECE34B2B4D5B2A00A91648 /* ChainTracker */;
			targetProxy = 74ECE35E2B4D5B2B00A91648 /* PBXContainerItemProxy */;
		};
		74ECE3692B4D5B2B00A91648 /* PBXTargetDependency */ = {
			isa = PBXTargetDependency;
			target = 74ECE34B2B4D5B2A00A91648 /* ChainTracker */;
			targetProxy = 74ECE3682B4D5B2B00A91648 /* PBXContainerItemProxy */;
		};
/* End PBXTargetDependency section */

/* Begin XCBuildConfiguration section */
		74ECE36F2B4D5B2B00A91648 /* Debug */ = {
			isa = XCBuildConfiguration;
			buildSettings = {
				ALWAYS_SEARCH_USER_PATHS = NO;
				ASSETCATALOG_COMPILER_GENERATE_SWIFT_ASSET_SYMBOL_EXTENSIONS = YES;
				CLANG_ANALYZER_NONNULL = YES;
				CLANG_ANALYZER_NUMBER_OBJECT_CONVERSION = YES_AGGRESSIVE;
				CLANG_CXX_LANGUAGE_STANDARD = "gnu++20";
				CLANG_ENABLE_MODULES = YES;
				CLANG_ENABLE_OBJC_ARC = YES;
				CLANG_ENABLE_OBJC_WEAK = YES;
				CLANG_WARN_BLOCK_CAPTURE_AUTORELEASING = YES;
				CLANG_WARN_BOOL_CONVERSION = YES;
				CLANG_WARN_COMMA = YES;
				CLANG_WARN_CONSTANT_CONVERSION = YES;
				CLANG_WARN_DEPRECATED_OBJC_IMPLEMENTATIONS = YES;
				CLANG_WARN_DIRECT_OBJC_ISA_USAGE = YES_ERROR;
				CLANG_WARN_DOCUMENTATION_COMMENTS = YES;
				CLANG_WARN_EMPTY_BODY = YES;
				CLANG_WARN_ENUM_CONVERSION = YES;
				CLANG_WARN_INFINITE_RECURSION = YES;
				CLANG_WARN_INT_CONVERSION = YES;
				CLANG_WARN_NON_LITERAL_NULL_CONVERSION = YES;
				CLANG_WARN_OBJC_IMPLICIT_RETAIN_SELF = YES;
				CLANG_WARN_OBJC_LITERAL_CONVERSION = YES;
				CLANG_WARN_OBJC_ROOT_CLASS = YES_ERROR;
				CLANG_WARN_QUOTED_INCLUDE_IN_FRAMEWORK_HEADER = YES;
				CLANG_WARN_RANGE_LOOP_ANALYSIS = YES;
				CLANG_WARN_STRICT_PROTOTYPES = YES;
				CLANG_WARN_SUSPICIOUS_MOVE = YES;
				CLANG_WARN_UNGUARDED_AVAILABILITY = YES_AGGRESSIVE;
				CLANG_WARN_UNREACHABLE_CODE = YES;
				CLANG_WARN__DUPLICATE_METHOD_MATCH = YES;
				COPY_PHASE_STRIP = NO;
				DEBUG_INFORMATION_FORMAT = dwarf;
				ENABLE_STRICT_OBJC_MSGSEND = YES;
				ENABLE_TESTABILITY = YES;
				ENABLE_USER_SCRIPT_SANDBOXING = YES;
				GCC_C_LANGUAGE_STANDARD = gnu17;
				GCC_DYNAMIC_NO_PIC = NO;
				GCC_NO_COMMON_BLOCKS = YES;
				GCC_OPTIMIZATION_LEVEL = 0;
				GCC_PREPROCESSOR_DEFINITIONS = (
					"DEBUG=1",
					"$(inherited)",
				);
				GCC_WARN_64_TO_32_BIT_CONVERSION = YES;
				GCC_WARN_ABOUT_RETURN_TYPE = YES_ERROR;
				GCC_WARN_UNDECLARED_SELECTOR = YES;
				GCC_WARN_UNINITIALIZED_AUTOS = YES_AGGRESSIVE;
				GCC_WARN_UNUSED_FUNCTION = YES;
				GCC_WARN_UNUSED_VARIABLE = YES;
				LOCALIZATION_PREFERS_STRING_CATALOGS = YES;
				MTL_ENABLE_DEBUG_INFO = INCLUDE_SOURCE;
				MTL_FAST_MATH = YES;
				ONLY_ACTIVE_ARCH = YES;
				SWIFT_ACTIVE_COMPILATION_CONDITIONS = "DEBUG $(inherited)";
				SWIFT_OPTIMIZATION_LEVEL = "-Onone";
			};
			name = Debug;
		};
		74ECE3702B4D5B2B00A91648 /* Release */ = {
			isa = XCBuildConfiguration;
			buildSettings = {
				ALWAYS_SEARCH_USER_PATHS = NO;
				ASSETCATALOG_COMPILER_GENERATE_SWIFT_ASSET_SYMBOL_EXTENSIONS = YES;
				CLANG_ANALYZER_NONNULL = YES;
				CLANG_ANALYZER_NUMBER_OBJECT_CONVERSION = YES_AGGRESSIVE;
				CLANG_CXX_LANGUAGE_STANDARD = "gnu++20";
				CLANG_ENABLE_MODULES = YES;
				CLANG_ENABLE_OBJC_ARC = YES;
				CLANG_ENABLE_OBJC_WEAK = YES;
				CLANG_WARN_BLOCK_CAPTURE_AUTORELEASING = YES;
				CLANG_WARN_BOOL_CONVERSION = YES;
				CLANG_WARN_COMMA = YES;
				CLANG_WARN_CONSTANT_CONVERSION = YES;
				CLANG_WARN_DEPRECATED_OBJC_IMPLEMENTATIONS = YES;
				CLANG_WARN_DIRECT_OBJC_ISA_USAGE = YES_ERROR;
				CLANG_WARN_DOCUMENTATION_COMMENTS = YES;
				CLANG_WARN_EMPTY_BODY = YES;
				CLANG_WARN_ENUM_CONVERSION = YES;
				CLANG_WARN_INFINITE_RECURSION = YES;
				CLANG_WARN_INT_CONVERSION = YES;
				CLANG_WARN_NON_LITERAL_NULL_CONVERSION = YES;
				CLANG_WARN_OBJC_IMPLICIT_RETAIN_SELF = YES;
				CLANG_WARN_OBJC_LITERAL_CONVERSION = YES;
				CLANG_WARN_OBJC_ROOT_CLASS = YES_ERROR;
				CLANG_WARN_QUOTED_INCLUDE_IN_FRAMEWORK_HEADER = YES;
				CLANG_WARN_RANGE_LOOP_ANALYSIS = YES;
				CLANG_WARN_STRICT_PROTOTYPES = YES;
				CLANG_WARN_SUSPICIOUS_MOVE = YES;
				CLANG_WARN_UNGUARDED_AVAILABILITY = YES_AGGRESSIVE;
				CLANG_WARN_UNREACHABLE_CODE = YES;
				CLANG_WARN__DUPLICATE_METHOD_MATCH = YES;
				COPY_PHASE_STRIP = NO;
				DEBUG_INFORMATION_FORMAT = "dwarf-with-dsym";
				ENABLE_NS_ASSERTIONS = NO;
				ENABLE_STRICT_OBJC_MSGSEND = YES;
				ENABLE_USER_SCRIPT_SANDBOXING = YES;
				GCC_C_LANGUAGE_STANDARD = gnu17;
				GCC_NO_COMMON_BLOCKS = YES;
				GCC_WARN_64_TO_32_BIT_CONVERSION = YES;
				GCC_WARN_ABOUT_RETURN_TYPE = YES_ERROR;
				GCC_WARN_UNDECLARED_SELECTOR = YES;
				GCC_WARN_UNINITIALIZED_AUTOS = YES_AGGRESSIVE;
				GCC_WARN_UNUSED_FUNCTION = YES;
				GCC_WARN_UNUSED_VARIABLE = YES;
				LOCALIZATION_PREFERS_STRING_CATALOGS = YES;
				MTL_ENABLE_DEBUG_INFO = NO;
				MTL_FAST_MATH = YES;
				SWIFT_COMPILATION_MODE = wholemodule;
			};
			name = Release;
		};
		74ECE3722B4D5B2B00A91648 /* Debug */ = {
			isa = XCBuildConfiguration;
			buildSettings = {
				ASSETCATALOG_COMPILER_APPICON_NAME = AppIcon;
				ASSETCATALOG_COMPILER_GLOBAL_ACCENT_COLOR_NAME = AccentColor;
				CODE_SIGN_ENTITLEMENTS = ChainTracker/ChainTracker.entitlements;
				CODE_SIGN_STYLE = Automatic;
				CURRENT_PROJECT_VERSION = 1;
				DEVELOPMENT_ASSET_PATHS = "\"ChainTracker/Preview Content\"";
				DEVELOPMENT_TEAM = D567V8FKNY;
				ENABLE_HARDENED_RUNTIME = YES;
				ENABLE_PREVIEWS = YES;
				GENERATE_INFOPLIST_FILE = YES;
				"INFOPLIST_KEY_UIApplicationSceneManifest_Generation[sdk=iphoneos*]" = YES;
				"INFOPLIST_KEY_UIApplicationSceneManifest_Generation[sdk=iphonesimulator*]" = YES;
				"INFOPLIST_KEY_UIApplicationSupportsIndirectInputEvents[sdk=iphoneos*]" = YES;
				"INFOPLIST_KEY_UIApplicationSupportsIndirectInputEvents[sdk=iphonesimulator*]" = YES;
				"INFOPLIST_KEY_UILaunchScreen_Generation[sdk=iphoneos*]" = YES;
				"INFOPLIST_KEY_UILaunchScreen_Generation[sdk=iphonesimulator*]" = YES;
				"INFOPLIST_KEY_UIStatusBarStyle[sdk=iphoneos*]" = UIStatusBarStyleDefault;
				"INFOPLIST_KEY_UIStatusBarStyle[sdk=iphonesimulator*]" = UIStatusBarStyleDefault;
				INFOPLIST_KEY_UISupportedInterfaceOrientations_iPad = "UIInterfaceOrientationPortrait UIInterfaceOrientationPortraitUpsideDown UIInterfaceOrientationLandscapeLeft UIInterfaceOrientationLandscapeRight";
				INFOPLIST_KEY_UISupportedInterfaceOrientations_iPhone = "UIInterfaceOrientationPortrait UIInterfaceOrientationLandscapeLeft UIInterfaceOrientationLandscapeRight";
				IPHONEOS_DEPLOYMENT_TARGET = 17.2;
				LD_RUNPATH_SEARCH_PATHS = "@executable_path/Frameworks";
				"LD_RUNPATH_SEARCH_PATHS[sdk=macosx*]" = "@executable_path/../Frameworks";
				MACOSX_DEPLOYMENT_TARGET = 14.2;
				MARKETING_VERSION = 1.0;
				PRODUCT_BUNDLE_IDENTIFIER = alisher.ChainTracker;
				PRODUCT_NAME = "$(TARGET_NAME)";
				SDKROOT = auto;
				SUPPORTED_PLATFORMS = "iphoneos iphonesimulator macosx";
				SWIFT_EMIT_LOC_STRINGS = YES;
				SWIFT_VERSION = 5.0;
				TARGETED_DEVICE_FAMILY = "1,2";
			};
			name = Debug;
		};
		74ECE3732B4D5B2B00A91648 /* Release */ = {
			isa = XCBuildConfiguration;
			buildSettings = {
				ASSETCATALOG_COMPILER_APPICON_NAME = AppIcon;
				ASSETCATALOG_COMPILER_GLOBAL_ACCENT_COLOR_NAME = AccentColor;
				CODE_SIGN_ENTITLEMENTS = ChainTracker/ChainTracker.entitlements;
				CODE_SIGN_STYLE = Automatic;
				CURRENT_PROJECT_VERSION = 1;
				DEVELOPMENT_ASSET_PATHS = "\"ChainTracker/Preview Content\"";
				DEVELOPMENT_TEAM = D567V8FKNY;
				ENABLE_HARDENED_RUNTIME = YES;
				ENABLE_PREVIEWS = YES;
				GENERATE_INFOPLIST_FILE = YES;
				"INFOPLIST_KEY_UIApplicationSceneManifest_Generation[sdk=iphoneos*]" = YES;
				"INFOPLIST_KEY_UIApplicationSceneManifest_Generation[sdk=iphonesimulator*]" = YES;
				"INFOPLIST_KEY_UIApplicationSupportsIndirectInputEvents[sdk=iphoneos*]" = YES;
				"INFOPLIST_KEY_UIApplicationSupportsIndirectInputEvents[sdk=iphonesimulator*]" = YES;
				"INFOPLIST_KEY_UILaunchScreen_Generation[sdk=iphoneos*]" = YES;
				"INFOPLIST_KEY_UILaunchScreen_Generation[sdk=iphonesimulator*]" = YES;
				"INFOPLIST_KEY_UIStatusBarStyle[sdk=iphoneos*]" = UIStatusBarStyleDefault;
				"INFOPLIST_KEY_UIStatusBarStyle[sdk=iphonesimulator*]" = UIStatusBarStyleDefault;
				INFOPLIST_KEY_UISupportedInterfaceOrientations_iPad = "UIInterfaceOrientationPortrait UIInterfaceOrientationPortraitUpsideDown UIInterfaceOrientationLandscapeLeft UIInterfaceOrientationLandscapeRight";
				INFOPLIST_KEY_UISupportedInterfaceOrientations_iPhone = "UIInterfaceOrientationPortrait UIInterfaceOrientationLandscapeLeft UIInterfaceOrientationLandscapeRight";
				IPHONEOS_DEPLOYMENT_TARGET = 17.2;
				LD_RUNPATH_SEARCH_PATHS = "@executable_path/Frameworks";
				"LD_RUNPATH_SEARCH_PATHS[sdk=macosx*]" = "@executable_path/../Frameworks";
				MACOSX_DEPLOYMENT_TARGET = 14.2;
				MARKETING_VERSION = 1.0;
				PRODUCT_BUNDLE_IDENTIFIER = alisher.ChainTracker;
				PRODUCT_NAME = "$(TARGET_NAME)";
				SDKROOT = auto;
				SUPPORTED_PLATFORMS = "iphoneos iphonesimulator macosx";
				SWIFT_EMIT_LOC_STRINGS = YES;
				SWIFT_VERSION = 5.0;
				TARGETED_DEVICE_FAMILY = "1,2";
			};
			name = Release;
		};
		74ECE3752B4D5B2B00A91648 /* Debug */ = {
			isa = XCBuildConfiguration;
			buildSettings = {
				ALWAYS_EMBED_SWIFT_STANDARD_LIBRARIES = YES;
				BUNDLE_LOADER = "$(TEST_HOST)";
				CODE_SIGN_STYLE = Automatic;
				CURRENT_PROJECT_VERSION = 1;
				DEVELOPMENT_TEAM = D567V8FKNY;
				GENERATE_INFOPLIST_FILE = YES;
				IPHONEOS_DEPLOYMENT_TARGET = 17.2;
				MACOSX_DEPLOYMENT_TARGET = 14.2;
				MARKETING_VERSION = 1.0;
				PRODUCT_BUNDLE_IDENTIFIER = alisher.ChainTrackerTests;
				PRODUCT_NAME = "$(TARGET_NAME)";
				SDKROOT = auto;
				SUPPORTED_PLATFORMS = "iphoneos iphonesimulator macosx";
				SWIFT_EMIT_LOC_STRINGS = NO;
				SWIFT_VERSION = 5.0;
				TARGETED_DEVICE_FAMILY = "1,2";
				TEST_HOST = "$(BUILT_PRODUCTS_DIR)/ChainTracker.app/$(BUNDLE_EXECUTABLE_FOLDER_PATH)/ChainTracker";
			};
			name = Debug;
		};
		74ECE3762B4D5B2B00A91648 /* Release */ = {
			isa = XCBuildConfiguration;
			buildSettings = {
				ALWAYS_EMBED_SWIFT_STANDARD_LIBRARIES = YES;
				BUNDLE_LOADER = "$(TEST_HOST)";
				CODE_SIGN_STYLE = Automatic;
				CURRENT_PROJECT_VERSION = 1;
				DEVELOPMENT_TEAM = D567V8FKNY;
				GENERATE_INFOPLIST_FILE = YES;
				IPHONEOS_DEPLOYMENT_TARGET = 17.2;
				MACOSX_DEPLOYMENT_TARGET = 14.2;
				MARKETING_VERSION = 1.0;
				PRODUCT_BUNDLE_IDENTIFIER = alisher.ChainTrackerTests;
				PRODUCT_NAME = "$(TARGET_NAME)";
				SDKROOT = auto;
				SUPPORTED_PLATFORMS = "iphoneos iphonesimulator macosx";
				SWIFT_EMIT_LOC_STRINGS = NO;
				SWIFT_VERSION = 5.0;
				TARGETED_DEVICE_FAMILY = "1,2";
				TEST_HOST = "$(BUILT_PRODUCTS_DIR)/ChainTracker.app/$(BUNDLE_EXECUTABLE_FOLDER_PATH)/ChainTracker";
			};
			name = Release;
		};
		74ECE3782B4D5B2B00A91648 /* Debug */ = {
			isa = XCBuildConfiguration;
			buildSettings = {
				ALWAYS_EMBED_SWIFT_STANDARD_LIBRARIES = YES;
				CODE_SIGN_STYLE = Automatic;
				CURRENT_PROJECT_VERSION = 1;
				DEVELOPMENT_TEAM = D567V8FKNY;
				GENERATE_INFOPLIST_FILE = YES;
				IPHONEOS_DEPLOYMENT_TARGET = 17.2;
				MACOSX_DEPLOYMENT_TARGET = 14.2;
				MARKETING_VERSION = 1.0;
				PRODUCT_BUNDLE_IDENTIFIER = alisher.ChainTrackerUITests;
				PRODUCT_NAME = "$(TARGET_NAME)";
				SDKROOT = auto;
				SUPPORTED_PLATFORMS = "iphoneos iphonesimulator macosx";
				SWIFT_EMIT_LOC_STRINGS = NO;
				SWIFT_VERSION = 5.0;
				TARGETED_DEVICE_FAMILY = "1,2";
				TEST_TARGET_NAME = ChainTracker;
			};
			name = Debug;
		};
		74ECE3792B4D5B2B00A91648 /* Release */ = {
			isa = XCBuildConfiguration;
			buildSettings = {
				ALWAYS_EMBED_SWIFT_STANDARD_LIBRARIES = YES;
				CODE_SIGN_STYLE = Automatic;
				CURRENT_PROJECT_VERSION = 1;
				DEVELOPMENT_TEAM = D567V8FKNY;
				GENERATE_INFOPLIST_FILE = YES;
				IPHONEOS_DEPLOYMENT_TARGET = 17.2;
				MACOSX_DEPLOYMENT_TARGET = 14.2;
				MARKETING_VERSION = 1.0;
				PRODUCT_BUNDLE_IDENTIFIER = alisher.ChainTrackerUITests;
				PRODUCT_NAME = "$(TARGET_NAME)";
				SDKROOT = auto;
				SUPPORTED_PLATFORMS = "iphoneos iphonesimulator macosx";
				SWIFT_EMIT_LOC_STRINGS = NO;
				SWIFT_VERSION = 5.0;
				TARGETED_DEVICE_FAMILY = "1,2";
				TEST_TARGET_NAME = ChainTracker;
			};
			name = Release;
		};
/* End XCBuildConfiguration section */

/* Begin XCConfigurationList section */
		74ECE3472B4D5B2A00A91648 /* Build configuration list for PBXProject "ChainTracker" */ = {
			isa = XCConfigurationList;
			buildConfigurations = (
				74ECE36F2B4D5B2B00A91648 /* Debug */,
				74ECE3702B4D5B2B00A91648 /* Release */,
			);
			defaultConfigurationIsVisible = 0;
			defaultConfigurationName = Release;
		};
		74ECE3712B4D5B2B00A91648 /* Build configuration list for PBXNativeTarget "ChainTracker" */ = {
			isa = XCConfigurationList;
			buildConfigurations = (
				74ECE3722B4D5B2B00A91648 /* Debug */,
				74ECE3732B4D5B2B00A91648 /* Release */,
			);
			defaultConfigurationIsVisible = 0;
			defaultConfigurationName = Release;
		};
		74ECE3742B4D5B2B00A91648 /* Build configuration list for PBXNativeTarget "ChainTrackerTests" */ = {
			isa = XCConfigurationList;
			buildConfigurations = (
				74ECE3752B4D5B2B00A91648 /* Debug */,
				74ECE3762B4D5B2B00A91648 /* Release */,
			);
			defaultConfigurationIsVisible = 0;
			defaultConfigurationName = Release;
		};
		74ECE3772B4D5B2B00A91648 /* Build configuration list for PBXNativeTarget "ChainTrackerUITests" */ = {
			isa = XCConfigurationList;
			buildConfigurations = (
				74ECE3782B4D5B2B00A91648 /* Debug */,
				74ECE3792B4D5B2B00A91648 /* Release */,
			);
			defaultConfigurationIsVisible = 0;
			defaultConfigurationName = Release;
		};
/* End XCConfigurationList section */
	};
	rootObject = 74ECE3442B4D5B2A00A91648 /* Project object */;
}
